
Microsoft Visual Studio Solution File, Format Version 12.00
# Visual Studio Version 17
VisualStudioVersion = 17.0.31903.59
MinimumVisualStudioVersion = 10.0.40219.1
Project("{9A19103F-16F7-4668-BE54-9A1E7A4F7556}") = "WeatherAPI", "WeatherAPI\WeatherAPI.csproj", "{04C8401D-52FE-4C0C-9307-70A0E5119664}"
EndProject
Project("{FAE04EC0-301F-11D3-BF4B-00C04F79EFBC}") = "CustomActivity", "CustomActivity\CustomActivity.csproj", "{D3F99744-C3CA-4042-B541-5C5B9FD56D9F}"
EndProject
Project("{FAE04EC0-301F-11D3-BF4B-00C04F79EFBC}") = "Business", "Business\Business.csproj", "{225E103F-61B9-4204-8156-9F7E57F4781C}"
EndProject
Project("{FAE04EC0-301F-11D3-BF4B-00C04F79EFBC}") = "Business.Test", "Business.Test\Business.Test.csproj", "{37F19EA7-7024-4C54-809B-150A58F2D1A9}"
EndProject
Project("{FAE04EC0-301F-11D3-BF4B-00C04F79EFBC}") = "Data", "Data\Data.csproj", "{446E8B48-B1E4-49B1-9D4B-004DCD56A0D1}"
EndProject
Global
	GlobalSection(SolutionConfigurationPlatforms) = preSolution
		Debug|Any CPU = Debug|Any CPU
		Release|Any CPU = Release|Any CPU
	EndGlobalSection
	GlobalSection(ProjectConfigurationPlatforms) = postSolution
		{04C8401D-52FE-4C0C-9307-70A0E5119664}.Debug|Any CPU.ActiveCfg = Debug|Any CPU
		{04C8401D-52FE-4C0C-9307-70A0E5119664}.Debug|Any CPU.Build.0 = Debug|Any CPU
		{04C8401D-52FE-4C0C-9307-70A0E5119664}.Release|Any CPU.ActiveCfg = Release|Any CPU
		{04C8401D-52FE-4C0C-9307-70A0E5119664}.Release|Any CPU.Build.0 = Release|Any CPU
		{D3F99744-C3CA-4042-B541-5C5B9FD56D9F}.Debug|Any CPU.ActiveCfg = Debug|Any CPU
		{D3F99744-C3CA-4042-B541-5C5B9FD56D9F}.Debug|Any CPU.Build.0 = Debug|Any CPU
		{D3F99744-C3CA-4042-B541-5C5B9FD56D9F}.Release|Any CPU.ActiveCfg = Release|Any CPU
		{D3F99744-C3CA-4042-B541-5C5B9FD56D9F}.Release|Any CPU.Build.0 = Release|Any CPU
		{225E103F-61B9-4204-8156-9F7E57F4781C}.Debug|Any CPU.ActiveCfg = Debug|Any CPU
		{225E103F-61B9-4204-8156-9F7E57F4781C}.Debug|Any CPU.Build.0 = Debug|Any CPU
		{225E103F-61B9-4204-8156-9F7E57F4781C}.Release|Any CPU.ActiveCfg = Release|Any CPU
		{225E103F-61B9-4204-8156-9F7E57F4781C}.Release|Any CPU.Build.0 = Release|Any CPU
		{37F19EA7-7024-4C54-809B-150A58F2D1A9}.Debug|Any CPU.ActiveCfg = Debug|Any CPU
		{37F19EA7-7024-4C54-809B-150A58F2D1A9}.Debug|Any CPU.Build.0 = Debug|Any CPU
		{37F19EA7-7024-4C54-809B-150A58F2D1A9}.Release|Any CPU.ActiveCfg = Release|Any CPU
		{37F19EA7-7024-4C54-809B-150A58F2D1A9}.Release|Any CPU.Build.0 = Release|Any CPU
		{446E8B48-B1E4-49B1-9D4B-004DCD56A0D1}.Debug|Any CPU.ActiveCfg = Debug|Any CPU
		{446E8B48-B1E4-49B1-9D4B-004DCD56A0D1}.Debug|Any CPU.Build.0 = Debug|Any CPU
		{446E8B48-B1E4-49B1-9D4B-004DCD56A0D1}.Release|Any CPU.ActiveCfg = Release|Any CPU
		{446E8B48-B1E4-49B1-9D4B-004DCD56A0D1}.Release|Any CPU.Build.0 = Release|Any CPU
	EndGlobalSection
	GlobalSection(SolutionProperties) = preSolution
		HideSolutionNode = FALSE
	EndGlobalSection
	GlobalSection(ExtensibilityGlobals) = postSolution
		SolutionGuid = {CCDE3C32-E1D4-46B1-BFC1-092551236BD9}
	EndGlobalSection
EndGlobal
